
Microsoft Visual Studio Solution File, Format Version 12.00
# Visual Studio 14
VisualStudioVersion = 14.0.25123.0
MinimumVisualStudioVersion = 10.0.40219.1
Project("{FAE04EC0-301F-11D3-BF4B-00C04F79EFBC}") = "155D4802010089_PTPS_CLASS", "155D4802010089_PTPS_CLASS\155D4802010089_PTPS_CLASS.csproj", "{BFC0171D-1FA3-40A5-A5CB-D282D151388F}"
EndProject
Global
	GlobalSection(SolutionConfigurationPlatforms) = preSolution
		Debug|Any CPU = Debug|Any CPU
		Release|Any CPU = Release|Any CPU
	EndGlobalSection
	GlobalSection(ProjectConfigurationPlatforms) = postSolution
		{BFC0171D-1FA3-40A5-A5CB-D282D151388F}.Debug|Any CPU.ActiveCfg = Debug|Any CPU
		{BFC0171D-1FA3-40A5-A5CB-D282D151388F}.Debug|Any CPU.Build.0 = Debug|Any CPU
		{BFC0171D-1FA3-40A5-A5CB-D282D151388F}.Release|Any CPU.ActiveCfg = Release|Any CPU
		{BFC0171D-1FA3-40A5-A5CB-D282D151388F}.Release|Any CPU.Build.0 = Release|Any CPU
	EndGlobalSection
	GlobalSection(SolutionProperties) = preSolution
		HideSolutionNode = FALSE
	EndGlobalSection
EndGlobal
